
Microsoft Visual Studio Solution File, Format Version 12.00
# Visual Studio Version 17
VisualStudioVersion = 17.10.35027.167
MinimumVisualStudioVersion = 10.0.40219.1
Project("{FAE04EC0-301F-11D3-BF4B-00C04F79EFBC}") = "DesignPatterns.Cons", "DesignPatterns.Cons\DesignPatterns.Cons.csproj", "{A30AFCC6-B9E3-42AE-A188-AC53A9BA34D0}"
EndProject
Global
	GlobalSection(SolutionConfigurationPlatforms) = preSolution
		Debug|Any CPU = Debug|Any CPU
		Release|Any CPU = Release|Any CPU
	EndGlobalSection
	GlobalSection(ProjectConfigurationPlatforms) = postSolution
		{A30AFCC6-B9E3-42AE-A188-AC53A9BA34D0}.Debug|Any CPU.ActiveCfg = Debug|Any CPU
		{A30AFCC6-B9E3-42AE-A188-AC53A9BA34D0}.Debug|Any CPU.Build.0 = Debug|Any CPU
		{A30AFCC6-B9E3-42AE-A188-AC53A9BA34D0}.Release|Any CPU.ActiveCfg = Release|Any CPU
		{A30AFCC6-B9E3-42AE-A188-AC53A9BA34D0}.Release|Any CPU.Build.0 = Release|Any CPU
	EndGlobalSection
	GlobalSection(SolutionProperties) = preSolution
		HideSolutionNode = FALSE
	EndGlobalSection
	GlobalSection(ExtensibilityGlobals) = postSolution
		SolutionGuid = {C95AF4FA-B530-45FF-AA83-4890FBB2F9A6}
	EndGlobalSection
EndGlobal
